Microsoft Visual Studio Solution File, Format Version 12.00
# Visual Studio Version 17
VisualStudioVersion = 17.5.2.0
MinimumVisualStudioVersion = 10.0.40219.1
Project("{FAE04EC0-301F-11D3-BF4B-00C04F79EFBC}") = "terminal4", "terminal4.csproj", "{37F6C5E4-14CF-8529-DAFF-04141CED7130}"
EndProject
Global
	GlobalSection(SolutionConfigurationPlatforms) = preSolution
		Debug|Any CPU = Debug|Any CPU
		Release|Any CPU = Release|Any CPU
	EndGlobalSection
	GlobalSection(ProjectConfigurationPlatforms) = postSolution
		{37F6C5E4-14CF-8529-DAFF-04141CED7130}.Debug|Any CPU.ActiveCfg = Debug|Any CPU
		{37F6C5E4-14CF-8529-DAFF-04141CED7130}.Debug|Any CPU.Build.0 = Debug|Any CPU
		{37F6C5E4-14CF-8529-DAFF-04141CED7130}.Release|Any CPU.ActiveCfg = Release|Any CPU
		{37F6C5E4-14CF-8529-DAFF-04141CED7130}.Release|Any CPU.Build.0 = Release|Any CPU
	EndGlobalSection
	GlobalSection(SolutionProperties) = preSolution
		HideSolutionNode = FALSE
	EndGlobalSection
	GlobalSection(ExtensibilityGlobals) = postSolution
		SolutionGuid = {C871D54D-AC0B-495A-9120-65516893100D}
	EndGlobalSection
EndGlobal
